
Microsoft Visual Studio Solution File, Format Version 11.00
# Visual C# Express 2010
Project("{FAE04EC0-301F-11D3-BF4B-00C04F79EFBC}") = "CoRe", "CoRe\CoRe.csproj", "{6DC79DA8-3068-454A-A92D-A62C6EEF24A8}"
EndProject
Global
	GlobalSection(SolutionConfigurationPlatforms) = preSolution
		Debug|Xbox 360 = Debug|Xbox 360
		Release|Xbox 360 = Release|Xbox 360
	EndGlobalSection
	GlobalSection(ProjectConfigurationPlatforms) = postSolution
		{6DC79DA8-3068-454A-A92D-A62C6EEF24A8}.Debug|Xbox 360.ActiveCfg = Debug|Xbox 360
		{6DC79DA8-3068-454A-A92D-A62C6EEF24A8}.Debug|Xbox 360.Build.0 = Debug|Xbox 360
		{6DC79DA8-3068-454A-A92D-A62C6EEF24A8}.Release|Xbox 360.ActiveCfg = Release|Xbox 360
		{6DC79DA8-3068-454A-A92D-A62C6EEF24A8}.Release|Xbox 360.Build.0 = Release|Xbox 360
	EndGlobalSection
	GlobalSection(SolutionProperties) = preSolution
		HideSolutionNode = FALSE
	EndGlobalSection
EndGlobal
